
Microsoft Visual Studio Solution File, Format Version 12.00
# Visual Studio Version 16
VisualStudioVersion = 16.0.28803.202
MinimumVisualStudioVersion = 10.0.40219.1
Project("{FAE04EC0-301F-11D3-BF4B-00C04F79EFBC}") = "quiz037", "quiz037\quiz037.csproj", "{2EAD626D-6AAE-4A05-A6A0-D2BF5B62591B}"
EndProject
Global
	GlobalSection(SolutionConfigurationPlatforms) = preSolution
		Debug|Any CPU = Debug|Any CPU
		Release|Any CPU = Release|Any CPU
	EndGlobalSection
	GlobalSection(ProjectConfigurationPlatforms) = postSolution
		{2EAD626D-6AAE-4A05-A6A0-D2BF5B62591B}.Debug|Any CPU.ActiveCfg = Debug|Any CPU
		{2EAD626D-6AAE-4A05-A6A0-D2BF5B62591B}.Debug|Any CPU.Build.0 = Debug|Any CPU
		{2EAD626D-6AAE-4A05-A6A0-D2BF5B62591B}.Release|Any CPU.ActiveCfg = Release|Any CPU
		{2EAD626D-6AAE-4A05-A6A0-D2BF5B62591B}.Release|Any CPU.Build.0 = Release|Any CPU
	EndGlobalSection
	GlobalSection(SolutionProperties) = preSolution
		HideSolutionNode = FALSE
	EndGlobalSection
	GlobalSection(ExtensibilityGlobals) = postSolution
		SolutionGuid = {0FECC307-E5F3-4369-8F05-B6748E054360}
	EndGlobalSection
EndGlobal
