
Microsoft Visual Studio Solution File, Format Version 12.00
# Visual Studio Version 16
VisualStudioVersion = 16.0.28803.202
MinimumVisualStudioVersion = 10.0.40219.1
Project("{FAE04EC0-301F-11D3-BF4B-00C04F79EFBC}") = "quiz042", "quiz042\quiz042.csproj", "{A44FAEFD-FA3F-4D6C-B413-89D7C69F855D}"
EndProject
Global
	GlobalSection(SolutionConfigurationPlatforms) = preSolution
		Debug|Any CPU = Debug|Any CPU
		Release|Any CPU = Release|Any CPU
	EndGlobalSection
	GlobalSection(ProjectConfigurationPlatforms) = postSolution
		{A44FAEFD-FA3F-4D6C-B413-89D7C69F855D}.Debug|Any CPU.ActiveCfg = Debug|Any CPU
		{A44FAEFD-FA3F-4D6C-B413-89D7C69F855D}.Debug|Any CPU.Build.0 = Debug|Any CPU
		{A44FAEFD-FA3F-4D6C-B413-89D7C69F855D}.Release|Any CPU.ActiveCfg = Release|Any CPU
		{A44FAEFD-FA3F-4D6C-B413-89D7C69F855D}.Release|Any CPU.Build.0 = Release|Any CPU
	EndGlobalSection
	GlobalSection(SolutionProperties) = preSolution
		HideSolutionNode = FALSE
	EndGlobalSection
	GlobalSection(ExtensibilityGlobals) = postSolution
		SolutionGuid = {E1D2B2EB-0116-4321-B320-78D944A866C6}
	EndGlobalSection
EndGlobal
