
Microsoft Visual Studio Solution File, Format Version 12.00
# Visual Studio Version 16
VisualStudioVersion = 16.0.28803.202
MinimumVisualStudioVersion = 10.0.40219.1
Project("{FAE04EC0-301F-11D3-BF4B-00C04F79EFBC}") = "quiz044", "quiz044\quiz044.csproj", "{2AF49372-AD1A-4626-9BA9-83F58400BF99}"
EndProject
Global
	GlobalSection(SolutionConfigurationPlatforms) = preSolution
		Debug|Any CPU = Debug|Any CPU
		Release|Any CPU = Release|Any CPU
	EndGlobalSection
	GlobalSection(ProjectConfigurationPlatforms) = postSolution
		{2AF49372-AD1A-4626-9BA9-83F58400BF99}.Debug|Any CPU.ActiveCfg = Debug|Any CPU
		{2AF49372-AD1A-4626-9BA9-83F58400BF99}.Debug|Any CPU.Build.0 = Debug|Any CPU
		{2AF49372-AD1A-4626-9BA9-83F58400BF99}.Release|Any CPU.ActiveCfg = Release|Any CPU
		{2AF49372-AD1A-4626-9BA9-83F58400BF99}.Release|Any CPU.Build.0 = Release|Any CPU
	EndGlobalSection
	GlobalSection(SolutionProperties) = preSolution
		HideSolutionNode = FALSE
	EndGlobalSection
	GlobalSection(ExtensibilityGlobals) = postSolution
		SolutionGuid = {9836A1DD-DD31-4421-BDF3-B28234E723F4}
	EndGlobalSection
EndGlobal
