
Microsoft Visual Studio Solution File, Format Version 12.00
# Visual Studio Version 16
VisualStudioVersion = 16.0.28803.202
MinimumVisualStudioVersion = 10.0.40219.1
Project("{FAE04EC0-301F-11D3-BF4B-00C04F79EFBC}") = "quiz004", "quiz004\quiz004.csproj", "{07B41C1A-9FFB-474C-A927-F2E5F84DBBE2}"
EndProject
Global
	GlobalSection(SolutionConfigurationPlatforms) = preSolution
		Debug|Any CPU = Debug|Any CPU
		Release|Any CPU = Release|Any CPU
	EndGlobalSection
	GlobalSection(ProjectConfigurationPlatforms) = postSolution
		{07B41C1A-9FFB-474C-A927-F2E5F84DBBE2}.Debug|Any CPU.ActiveCfg = Debug|Any CPU
		{07B41C1A-9FFB-474C-A927-F2E5F84DBBE2}.Debug|Any CPU.Build.0 = Debug|Any CPU
		{07B41C1A-9FFB-474C-A927-F2E5F84DBBE2}.Release|Any CPU.ActiveCfg = Release|Any CPU
		{07B41C1A-9FFB-474C-A927-F2E5F84DBBE2}.Release|Any CPU.Build.0 = Release|Any CPU
	EndGlobalSection
	GlobalSection(SolutionProperties) = preSolution
		HideSolutionNode = FALSE
	EndGlobalSection
	GlobalSection(ExtensibilityGlobals) = postSolution
		SolutionGuid = {FDFB972A-63C7-405E-842F-4888AE1AC8A2}
	EndGlobalSection
EndGlobal
