
Microsoft Visual Studio Solution File, Format Version 12.00
# Visual Studio Version 16
VisualStudioVersion = 16.0.28803.202
MinimumVisualStudioVersion = 10.0.40219.1
Project("{FAE04EC0-301F-11D3-BF4B-00C04F79EFBC}") = "quiz024", "quiz024\quiz024.csproj", "{9D4BB360-EB92-48C0-B4BB-960E9D2D6C44}"
EndProject
Global
	GlobalSection(SolutionConfigurationPlatforms) = preSolution
		Debug|Any CPU = Debug|Any CPU
		Release|Any CPU = Release|Any CPU
	EndGlobalSection
	GlobalSection(ProjectConfigurationPlatforms) = postSolution
		{9D4BB360-EB92-48C0-B4BB-960E9D2D6C44}.Debug|Any CPU.ActiveCfg = Debug|Any CPU
		{9D4BB360-EB92-48C0-B4BB-960E9D2D6C44}.Debug|Any CPU.Build.0 = Debug|Any CPU
		{9D4BB360-EB92-48C0-B4BB-960E9D2D6C44}.Release|Any CPU.ActiveCfg = Release|Any CPU
		{9D4BB360-EB92-48C0-B4BB-960E9D2D6C44}.Release|Any CPU.Build.0 = Release|Any CPU
	EndGlobalSection
	GlobalSection(SolutionProperties) = preSolution
		HideSolutionNode = FALSE
	EndGlobalSection
	GlobalSection(ExtensibilityGlobals) = postSolution
		SolutionGuid = {47189655-781F-4647-98BA-97BE06291C0D}
	EndGlobalSection
EndGlobal
