
Microsoft Visual Studio Solution File, Format Version 12.00
# Visual Studio Version 16
VisualStudioVersion = 16.0.28803.202
MinimumVisualStudioVersion = 10.0.40219.1
Project("{FAE04EC0-301F-11D3-BF4B-00C04F79EFBC}") = "quiz047", "quiz047\quiz047.csproj", "{9AD9705A-8680-4626-BAC6-1998AADED3CE}"
EndProject
Global
	GlobalSection(SolutionConfigurationPlatforms) = preSolution
		Debug|Any CPU = Debug|Any CPU
		Release|Any CPU = Release|Any CPU
	EndGlobalSection
	GlobalSection(ProjectConfigurationPlatforms) = postSolution
		{9AD9705A-8680-4626-BAC6-1998AADED3CE}.Debug|Any CPU.ActiveCfg = Debug|Any CPU
		{9AD9705A-8680-4626-BAC6-1998AADED3CE}.Debug|Any CPU.Build.0 = Debug|Any CPU
		{9AD9705A-8680-4626-BAC6-1998AADED3CE}.Release|Any CPU.ActiveCfg = Release|Any CPU
		{9AD9705A-8680-4626-BAC6-1998AADED3CE}.Release|Any CPU.Build.0 = Release|Any CPU
	EndGlobalSection
	GlobalSection(SolutionProperties) = preSolution
		HideSolutionNode = FALSE
	EndGlobalSection
	GlobalSection(ExtensibilityGlobals) = postSolution
		SolutionGuid = {C856588A-785B-4D94-90E0-D1E78C51B01C}
	EndGlobalSection
EndGlobal
