
Microsoft Visual Studio Solution File, Format Version 12.00
# Visual Studio Version 16
VisualStudioVersion = 16.0.28803.202
MinimumVisualStudioVersion = 10.0.40219.1
Project("{FAE04EC0-301F-11D3-BF4B-00C04F79EFBC}") = "quiz038", "quiz038\quiz038.csproj", "{898F9F26-8788-4C86-8F07-0AC168718616}"
EndProject
Global
	GlobalSection(SolutionConfigurationPlatforms) = preSolution
		Debug|Any CPU = Debug|Any CPU
		Release|Any CPU = Release|Any CPU
	EndGlobalSection
	GlobalSection(ProjectConfigurationPlatforms) = postSolution
		{898F9F26-8788-4C86-8F07-0AC168718616}.Debug|Any CPU.ActiveCfg = Debug|Any CPU
		{898F9F26-8788-4C86-8F07-0AC168718616}.Debug|Any CPU.Build.0 = Debug|Any CPU
		{898F9F26-8788-4C86-8F07-0AC168718616}.Release|Any CPU.ActiveCfg = Release|Any CPU
		{898F9F26-8788-4C86-8F07-0AC168718616}.Release|Any CPU.Build.0 = Release|Any CPU
	EndGlobalSection
	GlobalSection(SolutionProperties) = preSolution
		HideSolutionNode = FALSE
	EndGlobalSection
	GlobalSection(ExtensibilityGlobals) = postSolution
		SolutionGuid = {EFA6AFC2-07F1-463E-859D-9E3836E27C46}
	EndGlobalSection
EndGlobal
