
Microsoft Visual Studio Solution File, Format Version 12.00
# Visual Studio Version 16
VisualStudioVersion = 16.0.28803.202
MinimumVisualStudioVersion = 10.0.40219.1
Project("{FAE04EC0-301F-11D3-BF4B-00C04F79EFBC}") = "quiz041", "quiz041\quiz041.csproj", "{10069FD1-D55E-4B9F-B692-FB0F51CEECDA}"
EndProject
Global
	GlobalSection(SolutionConfigurationPlatforms) = preSolution
		Debug|Any CPU = Debug|Any CPU
		Release|Any CPU = Release|Any CPU
	EndGlobalSection
	GlobalSection(ProjectConfigurationPlatforms) = postSolution
		{10069FD1-D55E-4B9F-B692-FB0F51CEECDA}.Debug|Any CPU.ActiveCfg = Debug|Any CPU
		{10069FD1-D55E-4B9F-B692-FB0F51CEECDA}.Debug|Any CPU.Build.0 = Debug|Any CPU
		{10069FD1-D55E-4B9F-B692-FB0F51CEECDA}.Release|Any CPU.ActiveCfg = Release|Any CPU
		{10069FD1-D55E-4B9F-B692-FB0F51CEECDA}.Release|Any CPU.Build.0 = Release|Any CPU
	EndGlobalSection
	GlobalSection(SolutionProperties) = preSolution
		HideSolutionNode = FALSE
	EndGlobalSection
	GlobalSection(ExtensibilityGlobals) = postSolution
		SolutionGuid = {3B0B945E-94BC-477A-9BA4-C9857FCA89A9}
	EndGlobalSection
EndGlobal
