
Microsoft Visual Studio Solution File, Format Version 12.00
# Visual Studio Version 16
VisualStudioVersion = 16.0.28803.202
MinimumVisualStudioVersion = 10.0.40219.1
Project("{FAE04EC0-301F-11D3-BF4B-00C04F79EFBC}") = "quiz056", "quiz056\quiz056.csproj", "{DFE9AB7F-77D3-4C3A-88F2-0608DE54C05C}"
EndProject
Global
	GlobalSection(SolutionConfigurationPlatforms) = preSolution
		Debug|Any CPU = Debug|Any CPU
		Release|Any CPU = Release|Any CPU
	EndGlobalSection
	GlobalSection(ProjectConfigurationPlatforms) = postSolution
		{DFE9AB7F-77D3-4C3A-88F2-0608DE54C05C}.Debug|Any CPU.ActiveCfg = Debug|Any CPU
		{DFE9AB7F-77D3-4C3A-88F2-0608DE54C05C}.Debug|Any CPU.Build.0 = Debug|Any CPU
		{DFE9AB7F-77D3-4C3A-88F2-0608DE54C05C}.Release|Any CPU.ActiveCfg = Release|Any CPU
		{DFE9AB7F-77D3-4C3A-88F2-0608DE54C05C}.Release|Any CPU.Build.0 = Release|Any CPU
	EndGlobalSection
	GlobalSection(SolutionProperties) = preSolution
		HideSolutionNode = FALSE
	EndGlobalSection
	GlobalSection(ExtensibilityGlobals) = postSolution
		SolutionGuid = {0DEE40C6-1235-4501-9C90-F92F2E557C81}
	EndGlobalSection
EndGlobal
