
Microsoft Visual Studio Solution File, Format Version 12.00
# Visual Studio Version 16
VisualStudioVersion = 16.0.28803.202
MinimumVisualStudioVersion = 10.0.40219.1
Project("{FAE04EC0-301F-11D3-BF4B-00C04F79EFBC}") = "ConsoleApp1", "ConsoleApp1\ConsoleApp1.csproj", "{8AE788EA-E534-41EC-9B4B-E4B400F58A42}"
EndProject
Global
	GlobalSection(SolutionConfigurationPlatforms) = preSolution
		Debug|Any CPU = Debug|Any CPU
		Release|Any CPU = Release|Any CPU
	EndGlobalSection
	GlobalSection(ProjectConfigurationPlatforms) = postSolution
		{8AE788EA-E534-41EC-9B4B-E4B400F58A42}.Debug|Any CPU.ActiveCfg = Debug|Any CPU
		{8AE788EA-E534-41EC-9B4B-E4B400F58A42}.Debug|Any CPU.Build.0 = Debug|Any CPU
		{8AE788EA-E534-41EC-9B4B-E4B400F58A42}.Release|Any CPU.ActiveCfg = Release|Any CPU
		{8AE788EA-E534-41EC-9B4B-E4B400F58A42}.Release|Any CPU.Build.0 = Release|Any CPU
	EndGlobalSection
	GlobalSection(SolutionProperties) = preSolution
		HideSolutionNode = FALSE
	EndGlobalSection
	GlobalSection(ExtensibilityGlobals) = postSolution
		SolutionGuid = {4D842A88-9D28-4D10-8AF8-087952DF6A07}
	EndGlobalSection
EndGlobal
