
Microsoft Visual Studio Solution File, Format Version 12.00
# Visual Studio Version 16
VisualStudioVersion = 16.0.28803.202
MinimumVisualStudioVersion = 10.0.40219.1
Project("{FAE04EC0-301F-11D3-BF4B-00C04F79EFBC}") = "quiz033", "quiz033\quiz033.csproj", "{20CC8746-99BE-4841-B950-CE023CE17324}"
EndProject
Global
	GlobalSection(SolutionConfigurationPlatforms) = preSolution
		Debug|Any CPU = Debug|Any CPU
		Release|Any CPU = Release|Any CPU
	EndGlobalSection
	GlobalSection(ProjectConfigurationPlatforms) = postSolution
		{20CC8746-99BE-4841-B950-CE023CE17324}.Debug|Any CPU.ActiveCfg = Debug|Any CPU
		{20CC8746-99BE-4841-B950-CE023CE17324}.Debug|Any CPU.Build.0 = Debug|Any CPU
		{20CC8746-99BE-4841-B950-CE023CE17324}.Release|Any CPU.ActiveCfg = Release|Any CPU
		{20CC8746-99BE-4841-B950-CE023CE17324}.Release|Any CPU.Build.0 = Release|Any CPU
	EndGlobalSection
	GlobalSection(SolutionProperties) = preSolution
		HideSolutionNode = FALSE
	EndGlobalSection
	GlobalSection(ExtensibilityGlobals) = postSolution
		SolutionGuid = {973E8165-253C-4FB3-97B4-AFA7B5463AC6}
	EndGlobalSection
EndGlobal
