
Microsoft Visual Studio Solution File, Format Version 12.00
# Visual Studio Version 16
VisualStudioVersion = 16.0.28803.202
MinimumVisualStudioVersion = 10.0.40219.1
Project("{FAE04EC0-301F-11D3-BF4B-00C04F79EFBC}") = "quiz030", "quiz030\quiz030.csproj", "{EFCC155D-04D4-4AEB-9695-5E6871C5CDEB}"
EndProject
Global
	GlobalSection(SolutionConfigurationPlatforms) = preSolution
		Debug|Any CPU = Debug|Any CPU
		Release|Any CPU = Release|Any CPU
	EndGlobalSection
	GlobalSection(ProjectConfigurationPlatforms) = postSolution
		{EFCC155D-04D4-4AEB-9695-5E6871C5CDEB}.Debug|Any CPU.ActiveCfg = Debug|Any CPU
		{EFCC155D-04D4-4AEB-9695-5E6871C5CDEB}.Debug|Any CPU.Build.0 = Debug|Any CPU
		{EFCC155D-04D4-4AEB-9695-5E6871C5CDEB}.Release|Any CPU.ActiveCfg = Release|Any CPU
		{EFCC155D-04D4-4AEB-9695-5E6871C5CDEB}.Release|Any CPU.Build.0 = Release|Any CPU
	EndGlobalSection
	GlobalSection(SolutionProperties) = preSolution
		HideSolutionNode = FALSE
	EndGlobalSection
	GlobalSection(ExtensibilityGlobals) = postSolution
		SolutionGuid = {EC73EAF3-AED7-46CC-AD68-2F63B9D205B7}
	EndGlobalSection
EndGlobal
