
Microsoft Visual Studio Solution File, Format Version 12.00
# Visual Studio Version 16
VisualStudioVersion = 16.0.28803.202
MinimumVisualStudioVersion = 10.0.40219.1
Project("{FAE04EC0-301F-11D3-BF4B-00C04F79EFBC}") = "quiz046", "quiz046\quiz046.csproj", "{64877357-D2A4-4C5B-9D38-61DB26CF634F}"
EndProject
Global
	GlobalSection(SolutionConfigurationPlatforms) = preSolution
		Debug|Any CPU = Debug|Any CPU
		Release|Any CPU = Release|Any CPU
	EndGlobalSection
	GlobalSection(ProjectConfigurationPlatforms) = postSolution
		{64877357-D2A4-4C5B-9D38-61DB26CF634F}.Debug|Any CPU.ActiveCfg = Debug|Any CPU
		{64877357-D2A4-4C5B-9D38-61DB26CF634F}.Debug|Any CPU.Build.0 = Debug|Any CPU
		{64877357-D2A4-4C5B-9D38-61DB26CF634F}.Release|Any CPU.ActiveCfg = Release|Any CPU
		{64877357-D2A4-4C5B-9D38-61DB26CF634F}.Release|Any CPU.Build.0 = Release|Any CPU
	EndGlobalSection
	GlobalSection(SolutionProperties) = preSolution
		HideSolutionNode = FALSE
	EndGlobalSection
	GlobalSection(ExtensibilityGlobals) = postSolution
		SolutionGuid = {F0E1C74C-A76E-4E5C-BCFD-E6531A90F3EE}
	EndGlobalSection
EndGlobal
