
Microsoft Visual Studio Solution File, Format Version 12.00
# Visual Studio Version 16
VisualStudioVersion = 16.0.28803.202
MinimumVisualStudioVersion = 10.0.40219.1
Project("{FAE04EC0-301F-11D3-BF4B-00C04F79EFBC}") = "quiz006", "quiz006\quiz006.csproj", "{950F5C7C-E956-4EC9-B700-AC9F59981E55}"
EndProject
Global
	GlobalSection(SolutionConfigurationPlatforms) = preSolution
		Debug|Any CPU = Debug|Any CPU
		Release|Any CPU = Release|Any CPU
	EndGlobalSection
	GlobalSection(ProjectConfigurationPlatforms) = postSolution
		{950F5C7C-E956-4EC9-B700-AC9F59981E55}.Debug|Any CPU.ActiveCfg = Debug|Any CPU
		{950F5C7C-E956-4EC9-B700-AC9F59981E55}.Debug|Any CPU.Build.0 = Debug|Any CPU
		{950F5C7C-E956-4EC9-B700-AC9F59981E55}.Release|Any CPU.ActiveCfg = Release|Any CPU
		{950F5C7C-E956-4EC9-B700-AC9F59981E55}.Release|Any CPU.Build.0 = Release|Any CPU
	EndGlobalSection
	GlobalSection(SolutionProperties) = preSolution
		HideSolutionNode = FALSE
	EndGlobalSection
	GlobalSection(ExtensibilityGlobals) = postSolution
		SolutionGuid = {B1EA05C2-EACC-4041-B33B-1A79EAF839D1}
	EndGlobalSection
EndGlobal
