
Microsoft Visual Studio Solution File, Format Version 12.00
# Visual Studio Version 16
VisualStudioVersion = 16.0.28803.202
MinimumVisualStudioVersion = 10.0.40219.1
Project("{FAE04EC0-301F-11D3-BF4B-00C04F79EFBC}") = "quiz011-012", "quiz011-012\quiz011-012.csproj", "{C0DF6C53-397A-481E-8336-72920B17E416}"
EndProject
Global
	GlobalSection(SolutionConfigurationPlatforms) = preSolution
		Debug|Any CPU = Debug|Any CPU
		Release|Any CPU = Release|Any CPU
	EndGlobalSection
	GlobalSection(ProjectConfigurationPlatforms) = postSolution
		{C0DF6C53-397A-481E-8336-72920B17E416}.Debug|Any CPU.ActiveCfg = Debug|Any CPU
		{C0DF6C53-397A-481E-8336-72920B17E416}.Debug|Any CPU.Build.0 = Debug|Any CPU
		{C0DF6C53-397A-481E-8336-72920B17E416}.Release|Any CPU.ActiveCfg = Release|Any CPU
		{C0DF6C53-397A-481E-8336-72920B17E416}.Release|Any CPU.Build.0 = Release|Any CPU
	EndGlobalSection
	GlobalSection(SolutionProperties) = preSolution
		HideSolutionNode = FALSE
	EndGlobalSection
	GlobalSection(ExtensibilityGlobals) = postSolution
		SolutionGuid = {76109E52-D6A5-45D4-8CD1-8BE659568AD2}
	EndGlobalSection
EndGlobal
